
Microsoft Visual Studio Solution File, Format Version 11.00
# Visual Basic Express 2010
Project("{F184B08F-C81C-45F6-A57F-5ABD9991F28F}") = "HR Management Recruitment", "HR Management Recruitment.vbproj", "{60959D26-1390-4BB5-BF91-11E0970111EF}"
EndProject
Global
	GlobalSection(SolutionConfigurationPlatforms) = preSolution
		Debug|Any CPU = Debug|Any CPU
		Release|Any CPU = Release|Any CPU
	EndGlobalSection
	GlobalSection(ProjectConfigurationPlatforms) = postSolution
		{60959D26-1390-4BB5-BF91-11E0970111EF}.Debug|Any CPU.ActiveCfg = Debug|Any CPU
		{60959D26-1390-4BB5-BF91-11E0970111EF}.Debug|Any CPU.Build.0 = Debug|Any CPU
		{60959D26-1390-4BB5-BF91-11E0970111EF}.Release|Any CPU.ActiveCfg = Release|Any CPU
		{60959D26-1390-4BB5-BF91-11E0970111EF}.Release|Any CPU.Build.0 = Release|Any CPU
	EndGlobalSection
	GlobalSection(SolutionProperties) = preSolution
		HideSolutionNode = FALSE
	EndGlobalSection
EndGlobal
